
Microsoft Visual Studio Solution File, Format Version 12.00
# Visual Studio Version 16
VisualStudioVersion = 16.0.30804.86
MinimumVisualStudioVersion = 10.0.40219.1
Project("{2150E333-8FDC-42A3-9474-1A3956D46DE8}") = "src", "src", "{48F80D08-6C2F-49AB-9B64-E05C1926067F}"
EndProject
Project("{2150E333-8FDC-42A3-9474-1A3956D46DE8}") = "test", "test", "{3FF0C80D-ED87-4353-893E-A4CE834F6282}"
EndProject
Project("{2150E333-8FDC-42A3-9474-1A3956D46DE8}") = "core", "core", "{B918A679-96DA-47D3-90F2-6A7B8D6D19B4}"
EndProject
Project("{2150E333-8FDC-42A3-9474-1A3956D46DE8}") = "modules", "modules", "{D1651C61-E246-4B36-A1F8-EDD84E3A6E29}"
EndProject
Project("{9A19103F-16F7-4668-BE54-9A1E7A4F7556}") = "Buddy.Localization", "src\modules\Buddy.Localization\Buddy.Localization.csproj", "{5753D5A9-A3F7-4102-B5D7-C4FD388A3AB9}"
EndProject
Project("{9A19103F-16F7-4668-BE54-9A1E7A4F7556}") = "Buddy.Localization.Shared", "src\modules\Buddy.Localization.Shared\Buddy.Localization.Shared.csproj", "{44E646E7-7675-4856-8303-0DC9A91BF545}"
EndProject
Project("{2150E333-8FDC-42A3-9474-1A3956D46DE8}") = "core", "core", "{62156DD9-E35E-4B3C-A4F2-122ABAAE205F}"
EndProject
Project("{2150E333-8FDC-42A3-9474-1A3956D46DE8}") = "modules", "modules", "{E6EC55DB-A930-4DD2-BBF6-3B4E6E7C1CF4}"
EndProject
Project("{9A19103F-16F7-4668-BE54-9A1E7A4F7556}") = "Buddy.Localization.Tests", "test\modules\Buddy.Localization.Tests\Buddy.Localization.Tests.csproj", "{3F563137-2831-478D-AF7C-9DD5958ADDF9}"
EndProject
Project("{9A19103F-16F7-4668-BE54-9A1E7A4F7556}") = "Buddy.Logging", "src\modules\Buddy.Logging\Buddy.Logging.csproj", "{ECF24734-CEA8-46EA-8227-3831F408D868}"
EndProject
Project("{9A19103F-16F7-4668-BE54-9A1E7A4F7556}") = "Buddy.Logging.Shared", "src\modules\Buddy.Logging.Shared\Buddy.Logging.Shared.csproj", "{42818C56-6B67-487B-946A-684475832D45}"
EndProject
Project("{9A19103F-16F7-4668-BE54-9A1E7A4F7556}") = "Buddy.MultiTenancy", "src\modules\Buddy.MultiTenancy\Buddy.MultiTenancy.csproj", "{49B8382A-4068-4B50-9BE0-7ABDE0C028A0}"
EndProject
Project("{9A19103F-16F7-4668-BE54-9A1E7A4F7556}") = "Buddy.MultiTenancy.Shared", "src\modules\Buddy.MultiTenancy.Shared\Buddy.MultiTenancy.Shared.csproj", "{879A60CD-82ED-482E-81DB-DFFB4496490C}"
EndProject
Project("{9A19103F-16F7-4668-BE54-9A1E7A4F7556}") = "Buddy.Configuration", "src\modules\Buddy.Configuration\Buddy.Configuration.csproj", "{68C82FBF-FEFB-4741-A434-0F6C9174E70B}"
EndProject
Project("{9A19103F-16F7-4668-BE54-9A1E7A4F7556}") = "Buddy.Configuration.Shared", "src\modules\Buddy.Configuration.Shared\Buddy.Configuration.Shared.csproj", "{C6F42CFB-2B99-4CC8-B412-161C259D6317}"
EndProject
Project("{9A19103F-16F7-4668-BE54-9A1E7A4F7556}") = "Buddy.Users.Shared", "src\modules\Buddy.Users.Shared\Buddy.Users.Shared.csproj", "{D37C168C-DFE3-4A0A-9E17-D0F576534507}"
EndProject
Project("{9A19103F-16F7-4668-BE54-9A1E7A4F7556}") = "Buddy.Users", "src\modules\Buddy.Users\Buddy.Users.csproj", "{EF2D0AF5-AC73-413B-9FC7-2E81E8A61F3C}"
EndProject
Project("{2150E333-8FDC-42A3-9474-1A3956D46DE8}") = "ui", "ui", "{C944FE21-3982-414E-9FA1-FA9E33750B4B}"
EndProject
Project("{2150E333-8FDC-42A3-9474-1A3956D46DE8}") = "mvc", "mvc", "{74897442-0376-4AC2-B668-DD2944A72B79}"
EndProject
Project("{FAE04EC0-301F-11D3-BF4B-00C04F79EFBC}") = "Buddy.Web.Mvc", "src\ui\mvc\Buddy.Web.Mvc\Buddy.Web.Mvc.csproj", "{781095D8-ADD2-4E29-BC12-31C64796D74E}"
EndProject
Project("{FAE04EC0-301F-11D3-BF4B-00C04F79EFBC}") = "Buddy.Web.Mvc.Core", "src\ui\mvc\Buddy.Web.Mvc.Core\Buddy.Web.Mvc.Core.csproj", "{A6332C8F-72B3-472B-BC50-4541AF77FE7C}"
EndProject
Project("{2150E333-8FDC-42A3-9474-1A3956D46DE8}") = "api", "api", "{0260BD45-FB25-476A-8E34-C3A9EC8107AF}"
EndProject
Project("{FAE04EC0-301F-11D3-BF4B-00C04F79EFBC}") = "Buddy.Web.Api.Core", "src\ui\api\Buddy.Web.Api.Core\Buddy.Web.Api.Core.csproj", "{4BD73A6A-7AF0-4F19-824F-9FBA74D73ED1}"
EndProject
Project("{FAE04EC0-301F-11D3-BF4B-00C04F79EFBC}") = "Buddy.Web.Api", "src\ui\api\Buddy.Web.Api\Buddy.Web.Api.csproj", "{12CFBC2F-4B95-461B-856F-A4DA3B4A134C}"
EndProject
Project("{FAE04EC0-301F-11D3-BF4B-00C04F79EFBC}") = "Buddy.Core", "src\core\Buddy.Core\Buddy.Core.csproj", "{B06A437D-1699-4D74-87AA-F6A46D6C67DF}"
EndProject
Project("{FAE04EC0-301F-11D3-BF4B-00C04F79EFBC}") = "Buddy.EntityFrameworkCore", "src\core\Buddy.EntityFrameworkCore\Buddy.EntityFrameworkCore.csproj", "{709A86DC-07BE-4054-9387-D2AF9423506C}"
EndProject
Project("{FAE04EC0-301F-11D3-BF4B-00C04F79EFBC}") = "Buddy.Core.Tests", "test\core\Buddy.Core.Tests\Buddy.Core.Tests.csproj", "{FE79773D-B9AF-4128-BB2E-005F8E39270C}"
EndProject
Project("{2150E333-8FDC-42A3-9474-1A3956D46DE8}") = "wpf", "wpf", "{D599BB11-7EE8-4998-9CDD-9C493787441C}"
EndProject
Project("{FAE04EC0-301F-11D3-BF4B-00C04F79EFBC}") = "Buddy.Desktop.Wpf", "src\ui\wpf\Buddy.Desktop.Wpf\Buddy.Desktop.Wpf.csproj", "{427156F6-C02B-4538-95AF-2FC1B8D7F01A}"
EndProject
Project("{FAE04EC0-301F-11D3-BF4B-00C04F79EFBC}") = "Buddy.Desktop.Wpf.Core", "src\ui\wpf\Buddy.Desktop.Wpf.Core\Buddy.Desktop.Wpf.Core.csproj", "{74A0DA50-8D9A-4675-911B-233DB78A4B68}"
EndProject
Project("{FAE04EC0-301F-11D3-BF4B-00C04F79EFBC}") = "Buddy.Web.Core", "src\core\Buddy.Web.Core\Buddy.Web.Core.csproj", "{0F759CE4-26D1-44F6-B7F4-BDB1FBE5DE71}"
EndProject
Global
	GlobalSection(SolutionConfigurationPlatforms) = preSolution
		Debug|Any CPU = Debug|Any CPU
		Release|Any CPU = Release|Any CPU
	EndGlobalSection
	GlobalSection(ProjectConfigurationPlatforms) = postSolution
		{5753D5A9-A3F7-4102-B5D7-C4FD388A3AB9}.Debug|Any CPU.ActiveCfg = Debug|Any CPU
		{5753D5A9-A3F7-4102-B5D7-C4FD388A3AB9}.Debug|Any CPU.Build.0 = Debug|Any CPU
		{5753D5A9-A3F7-4102-B5D7-C4FD388A3AB9}.Release|Any CPU.ActiveCfg = Release|Any CPU
		{5753D5A9-A3F7-4102-B5D7-C4FD388A3AB9}.Release|Any CPU.Build.0 = Release|Any CPU
		{44E646E7-7675-4856-8303-0DC9A91BF545}.Debug|Any CPU.ActiveCfg = Debug|Any CPU
		{44E646E7-7675-4856-8303-0DC9A91BF545}.Debug|Any CPU.Build.0 = Debug|Any CPU
		{44E646E7-7675-4856-8303-0DC9A91BF545}.Release|Any CPU.ActiveCfg = Release|Any CPU
		{44E646E7-7675-4856-8303-0DC9A91BF545}.Release|Any CPU.Build.0 = Release|Any CPU
		{3F563137-2831-478D-AF7C-9DD5958ADDF9}.Debug|Any CPU.ActiveCfg = Debug|Any CPU
		{3F563137-2831-478D-AF7C-9DD5958ADDF9}.Debug|Any CPU.Build.0 = Debug|Any CPU
		{3F563137-2831-478D-AF7C-9DD5958ADDF9}.Release|Any CPU.ActiveCfg = Release|Any CPU
		{3F563137-2831-478D-AF7C-9DD5958ADDF9}.Release|Any CPU.Build.0 = Release|Any CPU
		{ECF24734-CEA8-46EA-8227-3831F408D868}.Debug|Any CPU.ActiveCfg = Debug|Any CPU
		{ECF24734-CEA8-46EA-8227-3831F408D868}.Debug|Any CPU.Build.0 = Debug|Any CPU
		{ECF24734-CEA8-46EA-8227-3831F408D868}.Release|Any CPU.ActiveCfg = Release|Any CPU
		{ECF24734-CEA8-46EA-8227-3831F408D868}.Release|Any CPU.Build.0 = Release|Any CPU
		{42818C56-6B67-487B-946A-684475832D45}.Debug|Any CPU.ActiveCfg = Debug|Any CPU
		{42818C56-6B67-487B-946A-684475832D45}.Debug|Any CPU.Build.0 = Debug|Any CPU
		{42818C56-6B67-487B-946A-684475832D45}.Release|Any CPU.ActiveCfg = Release|Any CPU
		{42818C56-6B67-487B-946A-684475832D45}.Release|Any CPU.Build.0 = Release|Any CPU
		{49B8382A-4068-4B50-9BE0-7ABDE0C028A0}.Debug|Any CPU.ActiveCfg = Debug|Any CPU
		{49B8382A-4068-4B50-9BE0-7ABDE0C028A0}.Debug|Any CPU.Build.0 = Debug|Any CPU
		{49B8382A-4068-4B50-9BE0-7ABDE0C028A0}.Release|Any CPU.ActiveCfg = Release|Any CPU
		{49B8382A-4068-4B50-9BE0-7ABDE0C028A0}.Release|Any CPU.Build.0 = Release|Any CPU
		{879A60CD-82ED-482E-81DB-DFFB4496490C}.Debug|Any CPU.ActiveCfg = Debug|Any CPU
		{879A60CD-82ED-482E-81DB-DFFB4496490C}.Debug|Any CPU.Build.0 = Debug|Any CPU
		{879A60CD-82ED-482E-81DB-DFFB4496490C}.Release|Any CPU.ActiveCfg = Release|Any CPU
		{879A60CD-82ED-482E-81DB-DFFB4496490C}.Release|Any CPU.Build.0 = Release|Any CPU
		{68C82FBF-FEFB-4741-A434-0F6C9174E70B}.Debug|Any CPU.ActiveCfg = Debug|Any CPU
		{68C82FBF-FEFB-4741-A434-0F6C9174E70B}.Debug|Any CPU.Build.0 = Debug|Any CPU
		{68C82FBF-FEFB-4741-A434-0F6C9174E70B}.Release|Any CPU.ActiveCfg = Release|Any CPU
		{68C82FBF-FEFB-4741-A434-0F6C9174E70B}.Release|Any CPU.Build.0 = Release|Any CPU
		{C6F42CFB-2B99-4CC8-B412-161C259D6317}.Debug|Any CPU.ActiveCfg = Debug|Any CPU
		{C6F42CFB-2B99-4CC8-B412-161C259D6317}.Debug|Any CPU.Build.0 = Debug|Any CPU
		{C6F42CFB-2B99-4CC8-B412-161C259D6317}.Release|Any CPU.ActiveCfg = Release|Any CPU
		{C6F42CFB-2B99-4CC8-B412-161C259D6317}.Release|Any CPU.Build.0 = Release|Any CPU
		{D37C168C-DFE3-4A0A-9E17-D0F576534507}.Debug|Any CPU.ActiveCfg = Debug|Any CPU
		{D37C168C-DFE3-4A0A-9E17-D0F576534507}.Debug|Any CPU.Build.0 = Debug|Any CPU
		{D37C168C-DFE3-4A0A-9E17-D0F576534507}.Release|Any CPU.ActiveCfg = Release|Any CPU
		{D37C168C-DFE3-4A0A-9E17-D0F576534507}.Release|Any CPU.Build.0 = Release|Any CPU
		{EF2D0AF5-AC73-413B-9FC7-2E81E8A61F3C}.Debug|Any CPU.ActiveCfg = Debug|Any CPU
		{EF2D0AF5-AC73-413B-9FC7-2E81E8A61F3C}.Debug|Any CPU.Build.0 = Debug|Any CPU
		{EF2D0AF5-AC73-413B-9FC7-2E81E8A61F3C}.Release|Any CPU.ActiveCfg = Release|Any CPU
		{EF2D0AF5-AC73-413B-9FC7-2E81E8A61F3C}.Release|Any CPU.Build.0 = Release|Any CPU
		{781095D8-ADD2-4E29-BC12-31C64796D74E}.Debug|Any CPU.ActiveCfg = Debug|Any CPU
		{781095D8-ADD2-4E29-BC12-31C64796D74E}.Debug|Any CPU.Build.0 = Debug|Any CPU
		{781095D8-ADD2-4E29-BC12-31C64796D74E}.Release|Any CPU.ActiveCfg = Release|Any CPU
		{781095D8-ADD2-4E29-BC12-31C64796D74E}.Release|Any CPU.Build.0 = Release|Any CPU
		{A6332C8F-72B3-472B-BC50-4541AF77FE7C}.Debug|Any CPU.ActiveCfg = Debug|Any CPU
		{A6332C8F-72B3-472B-BC50-4541AF77FE7C}.Debug|Any CPU.Build.0 = Debug|Any CPU
		{A6332C8F-72B3-472B-BC50-4541AF77FE7C}.Release|Any CPU.ActiveCfg = Release|Any CPU
		{A6332C8F-72B3-472B-BC50-4541AF77FE7C}.Release|Any CPU.Build.0 = Release|Any CPU
		{4BD73A6A-7AF0-4F19-824F-9FBA74D73ED1}.Debug|Any CPU.ActiveCfg = Debug|Any CPU
		{4BD73A6A-7AF0-4F19-824F-9FBA74D73ED1}.Debug|Any CPU.Build.0 = Debug|Any CPU
		{4BD73A6A-7AF0-4F19-824F-9FBA74D73ED1}.Release|Any CPU.ActiveCfg = Release|Any CPU
		{4BD73A6A-7AF0-4F19-824F-9FBA74D73ED1}.Release|Any CPU.Build.0 = Release|Any CPU
		{12CFBC2F-4B95-461B-856F-A4DA3B4A134C}.Debug|Any CPU.ActiveCfg = Debug|Any CPU
		{12CFBC2F-4B95-461B-856F-A4DA3B4A134C}.Debug|Any CPU.Build.0 = Debug|Any CPU
		{12CFBC2F-4B95-461B-856F-A4DA3B4A134C}.Release|Any CPU.ActiveCfg = Release|Any CPU
		{12CFBC2F-4B95-461B-856F-A4DA3B4A134C}.Release|Any CPU.Build.0 = Release|Any CPU
		{B06A437D-1699-4D74-87AA-F6A46D6C67DF}.Debug|Any CPU.ActiveCfg = Debug|Any CPU
		{B06A437D-1699-4D74-87AA-F6A46D6C67DF}.Debug|Any CPU.Build.0 = Debug|Any CPU
		{B06A437D-1699-4D74-87AA-F6A46D6C67DF}.Release|Any CPU.ActiveCfg = Release|Any CPU
		{B06A437D-1699-4D74-87AA-F6A46D6C67DF}.Release|Any CPU.Build.0 = Release|Any CPU
		{709A86DC-07BE-4054-9387-D2AF9423506C}.Debug|Any CPU.ActiveCfg = Debug|Any CPU
		{709A86DC-07BE-4054-9387-D2AF9423506C}.Debug|Any CPU.Build.0 = Debug|Any CPU
		{709A86DC-07BE-4054-9387-D2AF9423506C}.Release|Any CPU.ActiveCfg = Release|Any CPU
		{709A86DC-07BE-4054-9387-D2AF9423506C}.Release|Any CPU.Build.0 = Release|Any CPU
		{FE79773D-B9AF-4128-BB2E-005F8E39270C}.Debug|Any CPU.ActiveCfg = Debug|Any CPU
		{FE79773D-B9AF-4128-BB2E-005F8E39270C}.Debug|Any CPU.Build.0 = Debug|Any CPU
		{FE79773D-B9AF-4128-BB2E-005F8E39270C}.Release|Any CPU.ActiveCfg = Release|Any CPU
		{FE79773D-B9AF-4128-BB2E-005F8E39270C}.Release|Any CPU.Build.0 = Release|Any CPU
		{427156F6-C02B-4538-95AF-2FC1B8D7F01A}.Debug|Any CPU.ActiveCfg = Debug|Any CPU
		{427156F6-C02B-4538-95AF-2FC1B8D7F01A}.Debug|Any CPU.Build.0 = Debug|Any CPU
		{427156F6-C02B-4538-95AF-2FC1B8D7F01A}.Release|Any CPU.ActiveCfg = Release|Any CPU
		{427156F6-C02B-4538-95AF-2FC1B8D7F01A}.Release|Any CPU.Build.0 = Release|Any CPU
		{74A0DA50-8D9A-4675-911B-233DB78A4B68}.Debug|Any CPU.ActiveCfg = Debug|Any CPU
		{74A0DA50-8D9A-4675-911B-233DB78A4B68}.Debug|Any CPU.Build.0 = Debug|Any CPU
		{74A0DA50-8D9A-4675-911B-233DB78A4B68}.Release|Any CPU.ActiveCfg = Release|Any CPU
		{74A0DA50-8D9A-4675-911B-233DB78A4B68}.Release|Any CPU.Build.0 = Release|Any CPU
		{0F759CE4-26D1-44F6-B7F4-BDB1FBE5DE71}.Debug|Any CPU.ActiveCfg = Debug|Any CPU
		{0F759CE4-26D1-44F6-B7F4-BDB1FBE5DE71}.Debug|Any CPU.Build.0 = Debug|Any CPU
		{0F759CE4-26D1-44F6-B7F4-BDB1FBE5DE71}.Release|Any CPU.ActiveCfg = Release|Any CPU
		{0F759CE4-26D1-44F6-B7F4-BDB1FBE5DE71}.Release|Any CPU.Build.0 = Release|Any CPU
	EndGlobalSection
	GlobalSection(SolutionProperties) = preSolution
		HideSolutionNode = FALSE
	EndGlobalSection
	GlobalSection(NestedProjects) = preSolution
		{B918A679-96DA-47D3-90F2-6A7B8D6D19B4} = {48F80D08-6C2F-49AB-9B64-E05C1926067F}
		{D1651C61-E246-4B36-A1F8-EDD84E3A6E29} = {48F80D08-6C2F-49AB-9B64-E05C1926067F}
		{5753D5A9-A3F7-4102-B5D7-C4FD388A3AB9} = {D1651C61-E246-4B36-A1F8-EDD84E3A6E29}
		{44E646E7-7675-4856-8303-0DC9A91BF545} = {D1651C61-E246-4B36-A1F8-EDD84E3A6E29}
		{62156DD9-E35E-4B3C-A4F2-122ABAAE205F} = {3FF0C80D-ED87-4353-893E-A4CE834F6282}
		{E6EC55DB-A930-4DD2-BBF6-3B4E6E7C1CF4} = {3FF0C80D-ED87-4353-893E-A4CE834F6282}
		{3F563137-2831-478D-AF7C-9DD5958ADDF9} = {E6EC55DB-A930-4DD2-BBF6-3B4E6E7C1CF4}
		{ECF24734-CEA8-46EA-8227-3831F408D868} = {D1651C61-E246-4B36-A1F8-EDD84E3A6E29}
		{42818C56-6B67-487B-946A-684475832D45} = {D1651C61-E246-4B36-A1F8-EDD84E3A6E29}
		{49B8382A-4068-4B50-9BE0-7ABDE0C028A0} = {D1651C61-E246-4B36-A1F8-EDD84E3A6E29}
		{879A60CD-82ED-482E-81DB-DFFB4496490C} = {D1651C61-E246-4B36-A1F8-EDD84E3A6E29}
		{68C82FBF-FEFB-4741-A434-0F6C9174E70B} = {D1651C61-E246-4B36-A1F8-EDD84E3A6E29}
		{C6F42CFB-2B99-4CC8-B412-161C259D6317} = {D1651C61-E246-4B36-A1F8-EDD84E3A6E29}
		{D37C168C-DFE3-4A0A-9E17-D0F576534507} = {D1651C61-E246-4B36-A1F8-EDD84E3A6E29}
		{EF2D0AF5-AC73-413B-9FC7-2E81E8A61F3C} = {D1651C61-E246-4B36-A1F8-EDD84E3A6E29}
		{C944FE21-3982-414E-9FA1-FA9E33750B4B} = {48F80D08-6C2F-49AB-9B64-E05C1926067F}
		{74897442-0376-4AC2-B668-DD2944A72B79} = {C944FE21-3982-414E-9FA1-FA9E33750B4B}
		{781095D8-ADD2-4E29-BC12-31C64796D74E} = {74897442-0376-4AC2-B668-DD2944A72B79}
		{A6332C8F-72B3-472B-BC50-4541AF77FE7C} = {74897442-0376-4AC2-B668-DD2944A72B79}
		{0260BD45-FB25-476A-8E34-C3A9EC8107AF} = {C944FE21-3982-414E-9FA1-FA9E33750B4B}
		{4BD73A6A-7AF0-4F19-824F-9FBA74D73ED1} = {0260BD45-FB25-476A-8E34-C3A9EC8107AF}
		{12CFBC2F-4B95-461B-856F-A4DA3B4A134C} = {0260BD45-FB25-476A-8E34-C3A9EC8107AF}
		{B06A437D-1699-4D74-87AA-F6A46D6C67DF} = {B918A679-96DA-47D3-90F2-6A7B8D6D19B4}
		{709A86DC-07BE-4054-9387-D2AF9423506C} = {B918A679-96DA-47D3-90F2-6A7B8D6D19B4}
		{FE79773D-B9AF-4128-BB2E-005F8E39270C} = {62156DD9-E35E-4B3C-A4F2-122ABAAE205F}
		{D599BB11-7EE8-4998-9CDD-9C493787441C} = {C944FE21-3982-414E-9FA1-FA9E33750B4B}
		{427156F6-C02B-4538-95AF-2FC1B8D7F01A} = {D599BB11-7EE8-4998-9CDD-9C493787441C}
		{74A0DA50-8D9A-4675-911B-233DB78A4B68} = {D599BB11-7EE8-4998-9CDD-9C493787441C}
		{0F759CE4-26D1-44F6-B7F4-BDB1FBE5DE71} = {B918A679-96DA-47D3-90F2-6A7B8D6D19B4}
	EndGlobalSection
	GlobalSection(ExtensibilityGlobals) = postSolution
		SolutionGuid = {4283AB30-05A5-463A-A039-A4BCB069CAC0}
	EndGlobalSection
EndGlobal
