
Microsoft Visual Studio Solution File, Format Version 12.00
Project("{2150E333-8FDC-42A3-9474-1A3956D46DE8}") = "src", "src", "{48F80D08-6C2F-49AB-9B64-E05C1926067F}"
EndProject
Project("{2150E333-8FDC-42A3-9474-1A3956D46DE8}") = "test", "test", "{3FF0C80D-ED87-4353-893E-A4CE834F6282}"
EndProject
Project("{2150E333-8FDC-42A3-9474-1A3956D46DE8}") = "host", "host", "{B918A679-96DA-47D3-90F2-6A7B8D6D19B4}"
EndProject
Project("{2150E333-8FDC-42A3-9474-1A3956D46DE8}") = "modules", "modules", "{D1651C61-E246-4B36-A1F8-EDD84E3A6E29}"
EndProject
Project("{FAE04EC0-301F-11D3-BF4B-00C04F79EFBC}") = "Buddy.Core", "src\host\Buddy.Core\Buddy.Core.csproj", "{205423E1-6C92-406F-ADEF-83075CD84125}"
EndProject
Project("{FAE04EC0-301F-11D3-BF4B-00C04F79EFBC}") = "Buddy.Web.Core", "src\host\Buddy.Web.Core\Buddy.Web.Core.csproj", "{0F2185DB-ADEE-4E75-9D03-137B42E595F1}"
EndProject
Project("{FAE04EC0-301F-11D3-BF4B-00C04F79EFBC}") = "Buddy.Web", "src\host\Buddy.Web\Buddy.Web.csproj", "{879A0C30-8516-4C28-9441-427A31C6AD7A}"
EndProject
Project("{FAE04EC0-301F-11D3-BF4B-00C04F79EFBC}") = "Buddy.Data", "src\host\Buddy.Data\Buddy.Data.csproj", "{AD210DE2-5C0C-4950-84CC-DDAE65CCF7B8}"
EndProject
Project("{FAE04EC0-301F-11D3-BF4B-00C04F79EFBC}") = "Buddy.Authorization", "src\modules\Buddy.Authorization\Buddy.Authorization.csproj", "{608E14EA-CF3A-4022-A5D0-368D6DBECF62}"
EndProject
Project("{FAE04EC0-301F-11D3-BF4B-00C04F79EFBC}") = "Buddy.Authorization.Shared", "src\modules\Buddy.Authorization.Shared\Buddy.Authorization.Shared.csproj", "{CD84B6DD-7738-4697-99EF-767AE27B2AB9}"
EndProject
Project("{FAE04EC0-301F-11D3-BF4B-00C04F79EFBC}") = "Buddy.Localization", "src\modules\Buddy.Localization\Buddy.Localization.csproj", "{5753D5A9-A3F7-4102-B5D7-C4FD388A3AB9}"
EndProject
Project("{FAE04EC0-301F-11D3-BF4B-00C04F79EFBC}") = "Buddy.Localization.Shared", "src\modules\Buddy.Localization.Shared\Buddy.Localization.Shared.csproj", "{44E646E7-7675-4856-8303-0DC9A91BF545}"
EndProject
Project("{FAE04EC0-301F-11D3-BF4B-00C04F79EFBC}") = "Buddy.Logging", "src\modules\Buddy.Logging\Buddy.Logging.csproj", "{3B0926AD-E38F-4D8D-AB8F-79282A1C7EDC}"
EndProject
Project("{FAE04EC0-301F-11D3-BF4B-00C04F79EFBC}") = "Buddy.Logging.Shared", "src\modules\Buddy.Logging.Shared\Buddy.Logging.Shared.csproj", "{3FE9905E-25D8-4B7E-8EBB-411F53CE8C95}"
EndProject
Project("{FAE04EC0-301F-11D3-BF4B-00C04F79EFBC}") = "Buddy.Settings", "src\modules\Buddy.Settings\Buddy.Settings.csproj", "{0D78658A-FADF-4322-847A-DB9EE7735754}"
EndProject
Project("{FAE04EC0-301F-11D3-BF4B-00C04F79EFBC}") = "Buddy.Settings.Shared", "src\modules\Buddy.Settings.Shared\Buddy.Settings.Shared.csproj", "{F3D4F210-E616-42D5-B41A-517CB6EA149D}"
EndProject
Project("{2150E333-8FDC-42A3-9474-1A3956D46DE8}") = "host", "host", "{62156DD9-E35E-4B3C-A4F2-122ABAAE205F}"
EndProject
Project("{2150E333-8FDC-42A3-9474-1A3956D46DE8}") = "modules", "modules", "{E6EC55DB-A930-4DD2-BBF6-3B4E6E7C1CF4}"
EndProject
Project("{FAE04EC0-301F-11D3-BF4B-00C04F79EFBC}") = "Buddy.Core.Tests", "test\host\Buddy.Core.Tests\Buddy.Core.Tests.csproj", "{240E8F51-4810-4127-9ADF-8B9C83E4AC33}"
EndProject
Project("{FAE04EC0-301F-11D3-BF4B-00C04F79EFBC}") = "Buddy.Authorization.Tests", "test\modules\Buddy.Authorization.Tests\Buddy.Authorization.Tests.csproj", "{3F563137-2831-478D-AF7C-9DD5958ADDF9}"
EndProject
Global
	GlobalSection(SolutionConfigurationPlatforms) = preSolution
		Debug|Any CPU = Debug|Any CPU
		Release|Any CPU = Release|Any CPU
	EndGlobalSection
	GlobalSection(NestedProjects) = preSolution
		{B918A679-96DA-47D3-90F2-6A7B8D6D19B4} = {48F80D08-6C2F-49AB-9B64-E05C1926067F}
		{D1651C61-E246-4B36-A1F8-EDD84E3A6E29} = {48F80D08-6C2F-49AB-9B64-E05C1926067F}
		{205423E1-6C92-406F-ADEF-83075CD84125} = {B918A679-96DA-47D3-90F2-6A7B8D6D19B4}
		{0F2185DB-ADEE-4E75-9D03-137B42E595F1} = {B918A679-96DA-47D3-90F2-6A7B8D6D19B4}
		{879A0C30-8516-4C28-9441-427A31C6AD7A} = {B918A679-96DA-47D3-90F2-6A7B8D6D19B4}
		{AD210DE2-5C0C-4950-84CC-DDAE65CCF7B8} = {B918A679-96DA-47D3-90F2-6A7B8D6D19B4}
		{608E14EA-CF3A-4022-A5D0-368D6DBECF62} = {D1651C61-E246-4B36-A1F8-EDD84E3A6E29}
		{CD84B6DD-7738-4697-99EF-767AE27B2AB9} = {D1651C61-E246-4B36-A1F8-EDD84E3A6E29}
		{5753D5A9-A3F7-4102-B5D7-C4FD388A3AB9} = {D1651C61-E246-4B36-A1F8-EDD84E3A6E29}
		{44E646E7-7675-4856-8303-0DC9A91BF545} = {D1651C61-E246-4B36-A1F8-EDD84E3A6E29}
		{3B0926AD-E38F-4D8D-AB8F-79282A1C7EDC} = {D1651C61-E246-4B36-A1F8-EDD84E3A6E29}
		{3FE9905E-25D8-4B7E-8EBB-411F53CE8C95} = {D1651C61-E246-4B36-A1F8-EDD84E3A6E29}
		{0D78658A-FADF-4322-847A-DB9EE7735754} = {D1651C61-E246-4B36-A1F8-EDD84E3A6E29}
		{F3D4F210-E616-42D5-B41A-517CB6EA149D} = {D1651C61-E246-4B36-A1F8-EDD84E3A6E29}
		{62156DD9-E35E-4B3C-A4F2-122ABAAE205F} = {3FF0C80D-ED87-4353-893E-A4CE834F6282}
		{E6EC55DB-A930-4DD2-BBF6-3B4E6E7C1CF4} = {3FF0C80D-ED87-4353-893E-A4CE834F6282}
		{240E8F51-4810-4127-9ADF-8B9C83E4AC33} = {62156DD9-E35E-4B3C-A4F2-122ABAAE205F}
		{3F563137-2831-478D-AF7C-9DD5958ADDF9} = {E6EC55DB-A930-4DD2-BBF6-3B4E6E7C1CF4}
	EndGlobalSection
	GlobalSection(ProjectConfigurationPlatforms) = postSolution
		{205423E1-6C92-406F-ADEF-83075CD84125}.Debug|Any CPU.ActiveCfg = Debug|Any CPU
		{205423E1-6C92-406F-ADEF-83075CD84125}.Debug|Any CPU.Build.0 = Debug|Any CPU
		{205423E1-6C92-406F-ADEF-83075CD84125}.Release|Any CPU.ActiveCfg = Release|Any CPU
		{205423E1-6C92-406F-ADEF-83075CD84125}.Release|Any CPU.Build.0 = Release|Any CPU
		{0F2185DB-ADEE-4E75-9D03-137B42E595F1}.Debug|Any CPU.ActiveCfg = Debug|Any CPU
		{0F2185DB-ADEE-4E75-9D03-137B42E595F1}.Debug|Any CPU.Build.0 = Debug|Any CPU
		{0F2185DB-ADEE-4E75-9D03-137B42E595F1}.Release|Any CPU.ActiveCfg = Release|Any CPU
		{0F2185DB-ADEE-4E75-9D03-137B42E595F1}.Release|Any CPU.Build.0 = Release|Any CPU
		{879A0C30-8516-4C28-9441-427A31C6AD7A}.Debug|Any CPU.ActiveCfg = Debug|Any CPU
		{879A0C30-8516-4C28-9441-427A31C6AD7A}.Debug|Any CPU.Build.0 = Debug|Any CPU
		{879A0C30-8516-4C28-9441-427A31C6AD7A}.Release|Any CPU.ActiveCfg = Release|Any CPU
		{879A0C30-8516-4C28-9441-427A31C6AD7A}.Release|Any CPU.Build.0 = Release|Any CPU
		{AD210DE2-5C0C-4950-84CC-DDAE65CCF7B8}.Debug|Any CPU.ActiveCfg = Debug|Any CPU
		{AD210DE2-5C0C-4950-84CC-DDAE65CCF7B8}.Debug|Any CPU.Build.0 = Debug|Any CPU
		{AD210DE2-5C0C-4950-84CC-DDAE65CCF7B8}.Release|Any CPU.ActiveCfg = Release|Any CPU
		{AD210DE2-5C0C-4950-84CC-DDAE65CCF7B8}.Release|Any CPU.Build.0 = Release|Any CPU
		{608E14EA-CF3A-4022-A5D0-368D6DBECF62}.Debug|Any CPU.ActiveCfg = Debug|Any CPU
		{608E14EA-CF3A-4022-A5D0-368D6DBECF62}.Debug|Any CPU.Build.0 = Debug|Any CPU
		{608E14EA-CF3A-4022-A5D0-368D6DBECF62}.Release|Any CPU.ActiveCfg = Release|Any CPU
		{608E14EA-CF3A-4022-A5D0-368D6DBECF62}.Release|Any CPU.Build.0 = Release|Any CPU
		{CD84B6DD-7738-4697-99EF-767AE27B2AB9}.Debug|Any CPU.ActiveCfg = Debug|Any CPU
		{CD84B6DD-7738-4697-99EF-767AE27B2AB9}.Debug|Any CPU.Build.0 = Debug|Any CPU
		{CD84B6DD-7738-4697-99EF-767AE27B2AB9}.Release|Any CPU.ActiveCfg = Release|Any CPU
		{CD84B6DD-7738-4697-99EF-767AE27B2AB9}.Release|Any CPU.Build.0 = Release|Any CPU
		{5753D5A9-A3F7-4102-B5D7-C4FD388A3AB9}.Debug|Any CPU.ActiveCfg = Debug|Any CPU
		{5753D5A9-A3F7-4102-B5D7-C4FD388A3AB9}.Debug|Any CPU.Build.0 = Debug|Any CPU
		{5753D5A9-A3F7-4102-B5D7-C4FD388A3AB9}.Release|Any CPU.ActiveCfg = Release|Any CPU
		{5753D5A9-A3F7-4102-B5D7-C4FD388A3AB9}.Release|Any CPU.Build.0 = Release|Any CPU
		{44E646E7-7675-4856-8303-0DC9A91BF545}.Debug|Any CPU.ActiveCfg = Debug|Any CPU
		{44E646E7-7675-4856-8303-0DC9A91BF545}.Debug|Any CPU.Build.0 = Debug|Any CPU
		{44E646E7-7675-4856-8303-0DC9A91BF545}.Release|Any CPU.ActiveCfg = Release|Any CPU
		{44E646E7-7675-4856-8303-0DC9A91BF545}.Release|Any CPU.Build.0 = Release|Any CPU
		{3B0926AD-E38F-4D8D-AB8F-79282A1C7EDC}.Debug|Any CPU.ActiveCfg = Debug|Any CPU
		{3B0926AD-E38F-4D8D-AB8F-79282A1C7EDC}.Debug|Any CPU.Build.0 = Debug|Any CPU
		{3B0926AD-E38F-4D8D-AB8F-79282A1C7EDC}.Release|Any CPU.ActiveCfg = Release|Any CPU
		{3B0926AD-E38F-4D8D-AB8F-79282A1C7EDC}.Release|Any CPU.Build.0 = Release|Any CPU
		{3FE9905E-25D8-4B7E-8EBB-411F53CE8C95}.Debug|Any CPU.ActiveCfg = Debug|Any CPU
		{3FE9905E-25D8-4B7E-8EBB-411F53CE8C95}.Debug|Any CPU.Build.0 = Debug|Any CPU
		{3FE9905E-25D8-4B7E-8EBB-411F53CE8C95}.Release|Any CPU.ActiveCfg = Release|Any CPU
		{3FE9905E-25D8-4B7E-8EBB-411F53CE8C95}.Release|Any CPU.Build.0 = Release|Any CPU
		{0D78658A-FADF-4322-847A-DB9EE7735754}.Debug|Any CPU.ActiveCfg = Debug|Any CPU
		{0D78658A-FADF-4322-847A-DB9EE7735754}.Debug|Any CPU.Build.0 = Debug|Any CPU
		{0D78658A-FADF-4322-847A-DB9EE7735754}.Release|Any CPU.ActiveCfg = Release|Any CPU
		{0D78658A-FADF-4322-847A-DB9EE7735754}.Release|Any CPU.Build.0 = Release|Any CPU
		{F3D4F210-E616-42D5-B41A-517CB6EA149D}.Debug|Any CPU.ActiveCfg = Debug|Any CPU
		{F3D4F210-E616-42D5-B41A-517CB6EA149D}.Debug|Any CPU.Build.0 = Debug|Any CPU
		{F3D4F210-E616-42D5-B41A-517CB6EA149D}.Release|Any CPU.ActiveCfg = Release|Any CPU
		{F3D4F210-E616-42D5-B41A-517CB6EA149D}.Release|Any CPU.Build.0 = Release|Any CPU
		{240E8F51-4810-4127-9ADF-8B9C83E4AC33}.Debug|Any CPU.ActiveCfg = Debug|Any CPU
		{240E8F51-4810-4127-9ADF-8B9C83E4AC33}.Debug|Any CPU.Build.0 = Debug|Any CPU
		{240E8F51-4810-4127-9ADF-8B9C83E4AC33}.Release|Any CPU.ActiveCfg = Release|Any CPU
		{240E8F51-4810-4127-9ADF-8B9C83E4AC33}.Release|Any CPU.Build.0 = Release|Any CPU
		{3F563137-2831-478D-AF7C-9DD5958ADDF9}.Debug|Any CPU.ActiveCfg = Debug|Any CPU
		{3F563137-2831-478D-AF7C-9DD5958ADDF9}.Debug|Any CPU.Build.0 = Debug|Any CPU
		{3F563137-2831-478D-AF7C-9DD5958ADDF9}.Release|Any CPU.ActiveCfg = Release|Any CPU
		{3F563137-2831-478D-AF7C-9DD5958ADDF9}.Release|Any CPU.Build.0 = Release|Any CPU
	EndGlobalSection
EndGlobal
