
Microsoft Visual Studio Solution File, Format Version 12.00
# Visual Studio Version 16
VisualStudioVersion = 16.0.30804.86
MinimumVisualStudioVersion = 10.0.40219.1
Project("{2150E333-8FDC-42A3-9474-1A3956D46DE8}") = "src", "src", "{48F80D08-6C2F-49AB-9B64-E05C1926067F}"
EndProject
Project("{2150E333-8FDC-42A3-9474-1A3956D46DE8}") = "test", "test", "{3FF0C80D-ED87-4353-893E-A4CE834F6282}"
EndProject
Project("{2150E333-8FDC-42A3-9474-1A3956D46DE8}") = "app", "app", "{B918A679-96DA-47D3-90F2-6A7B8D6D19B4}"
EndProject
Project("{2150E333-8FDC-42A3-9474-1A3956D46DE8}") = "modules", "modules", "{D1651C61-E246-4B36-A1F8-EDD84E3A6E29}"
EndProject
Project("{9A19103F-16F7-4668-BE54-9A1E7A4F7556}") = "Buddy.Core", "src\app\Buddy.Core\Buddy.Core.csproj", "{205423E1-6C92-406F-ADEF-83075CD84125}"
EndProject
Project("{9A19103F-16F7-4668-BE54-9A1E7A4F7556}") = "Buddy.Web", "src\app\Buddy.Web\Buddy.Web.csproj", "{879A0C30-8516-4C28-9441-427A31C6AD7A}"
EndProject
Project("{9A19103F-16F7-4668-BE54-9A1E7A4F7556}") = "Buddy.EntityFrameworkCore", "src\app\Buddy.EntityFrameworkCore\Buddy.EntityFrameworkCore.csproj", "{AD210DE2-5C0C-4950-84CC-DDAE65CCF7B8}"
EndProject
Project("{9A19103F-16F7-4668-BE54-9A1E7A4F7556}") = "Buddy.Localization", "src\modules\Buddy.Localization\Buddy.Localization.csproj", "{5753D5A9-A3F7-4102-B5D7-C4FD388A3AB9}"
EndProject
Project("{9A19103F-16F7-4668-BE54-9A1E7A4F7556}") = "Buddy.Localization.Shared", "src\modules\Buddy.Localization.Shared\Buddy.Localization.Shared.csproj", "{44E646E7-7675-4856-8303-0DC9A91BF545}"
EndProject
Project("{2150E333-8FDC-42A3-9474-1A3956D46DE8}") = "app", "app", "{62156DD9-E35E-4B3C-A4F2-122ABAAE205F}"
EndProject
Project("{2150E333-8FDC-42A3-9474-1A3956D46DE8}") = "modules", "modules", "{E6EC55DB-A930-4DD2-BBF6-3B4E6E7C1CF4}"
EndProject
Project("{9A19103F-16F7-4668-BE54-9A1E7A4F7556}") = "Buddy.Core.Tests", "test\app\Buddy.Core.Tests\Buddy.Core.Tests.csproj", "{240E8F51-4810-4127-9ADF-8B9C83E4AC33}"
EndProject
Project("{9A19103F-16F7-4668-BE54-9A1E7A4F7556}") = "Buddy.Localization.Tests", "test\modules\Buddy.Localization.Tests\Buddy.Localization.Tests.csproj", "{3F563137-2831-478D-AF7C-9DD5958ADDF9}"
EndProject
Project("{9A19103F-16F7-4668-BE54-9A1E7A4F7556}") = "Buddy.Logging", "src\modules\Buddy.Logging\Buddy.Logging.csproj", "{ECF24734-CEA8-46EA-8227-3831F408D868}"
EndProject
Project("{9A19103F-16F7-4668-BE54-9A1E7A4F7556}") = "Buddy.Logging.Shared", "src\modules\Buddy.Logging.Shared\Buddy.Logging.Shared.csproj", "{42818C56-6B67-487B-946A-684475832D45}"
EndProject
Project("{9A19103F-16F7-4668-BE54-9A1E7A4F7556}") = "Buddy.MultiTenancy", "src\modules\Buddy.MultiTenancy\Buddy.MultiTenancy.csproj", "{49B8382A-4068-4B50-9BE0-7ABDE0C028A0}"
EndProject
Project("{9A19103F-16F7-4668-BE54-9A1E7A4F7556}") = "Buddy.MultiTenancy.Shared", "src\modules\Buddy.MultiTenancy.Shared\Buddy.MultiTenancy.Shared.csproj", "{879A60CD-82ED-482E-81DB-DFFB4496490C}"
EndProject
Project("{9A19103F-16F7-4668-BE54-9A1E7A4F7556}") = "Buddy.Configuration", "src\modules\Buddy.Configuration\Buddy.Configuration.csproj", "{68C82FBF-FEFB-4741-A434-0F6C9174E70B}"
EndProject
Project("{9A19103F-16F7-4668-BE54-9A1E7A4F7556}") = "Buddy.Configuration.Shared", "src\modules\Buddy.Configuration.Shared\Buddy.Configuration.Shared.csproj", "{C6F42CFB-2B99-4CC8-B412-161C259D6317}"
EndProject
Project("{9A19103F-16F7-4668-BE54-9A1E7A4F7556}") = "Buddy.Users.Shared", "src\modules\Buddy.Users.Shared\Buddy.Users.Shared.csproj", "{D37C168C-DFE3-4A0A-9E17-D0F576534507}"
EndProject
Project("{9A19103F-16F7-4668-BE54-9A1E7A4F7556}") = "Buddy.Users", "src\modules\Buddy.Users\Buddy.Users.csproj", "{EF2D0AF5-AC73-413B-9FC7-2E81E8A61F3C}"
EndProject
Global
	GlobalSection(SolutionConfigurationPlatforms) = preSolution
		Debug|Any CPU = Debug|Any CPU
		Release|Any CPU = Release|Any CPU
	EndGlobalSection
	GlobalSection(ProjectConfigurationPlatforms) = postSolution
		{205423E1-6C92-406F-ADEF-83075CD84125}.Debug|Any CPU.ActiveCfg = Debug|Any CPU
		{205423E1-6C92-406F-ADEF-83075CD84125}.Debug|Any CPU.Build.0 = Debug|Any CPU
		{205423E1-6C92-406F-ADEF-83075CD84125}.Release|Any CPU.ActiveCfg = Release|Any CPU
		{205423E1-6C92-406F-ADEF-83075CD84125}.Release|Any CPU.Build.0 = Release|Any CPU
		{879A0C30-8516-4C28-9441-427A31C6AD7A}.Debug|Any CPU.ActiveCfg = Debug|Any CPU
		{879A0C30-8516-4C28-9441-427A31C6AD7A}.Debug|Any CPU.Build.0 = Debug|Any CPU
		{879A0C30-8516-4C28-9441-427A31C6AD7A}.Release|Any CPU.ActiveCfg = Release|Any CPU
		{879A0C30-8516-4C28-9441-427A31C6AD7A}.Release|Any CPU.Build.0 = Release|Any CPU
		{AD210DE2-5C0C-4950-84CC-DDAE65CCF7B8}.Debug|Any CPU.ActiveCfg = Debug|Any CPU
		{AD210DE2-5C0C-4950-84CC-DDAE65CCF7B8}.Debug|Any CPU.Build.0 = Debug|Any CPU
		{AD210DE2-5C0C-4950-84CC-DDAE65CCF7B8}.Release|Any CPU.ActiveCfg = Release|Any CPU
		{AD210DE2-5C0C-4950-84CC-DDAE65CCF7B8}.Release|Any CPU.Build.0 = Release|Any CPU
		{5753D5A9-A3F7-4102-B5D7-C4FD388A3AB9}.Debug|Any CPU.ActiveCfg = Debug|Any CPU
		{5753D5A9-A3F7-4102-B5D7-C4FD388A3AB9}.Debug|Any CPU.Build.0 = Debug|Any CPU
		{5753D5A9-A3F7-4102-B5D7-C4FD388A3AB9}.Release|Any CPU.ActiveCfg = Release|Any CPU
		{5753D5A9-A3F7-4102-B5D7-C4FD388A3AB9}.Release|Any CPU.Build.0 = Release|Any CPU
		{44E646E7-7675-4856-8303-0DC9A91BF545}.Debug|Any CPU.ActiveCfg = Debug|Any CPU
		{44E646E7-7675-4856-8303-0DC9A91BF545}.Debug|Any CPU.Build.0 = Debug|Any CPU
		{44E646E7-7675-4856-8303-0DC9A91BF545}.Release|Any CPU.ActiveCfg = Release|Any CPU
		{44E646E7-7675-4856-8303-0DC9A91BF545}.Release|Any CPU.Build.0 = Release|Any CPU
		{240E8F51-4810-4127-9ADF-8B9C83E4AC33}.Debug|Any CPU.ActiveCfg = Debug|Any CPU
		{240E8F51-4810-4127-9ADF-8B9C83E4AC33}.Debug|Any CPU.Build.0 = Debug|Any CPU
		{240E8F51-4810-4127-9ADF-8B9C83E4AC33}.Release|Any CPU.ActiveCfg = Release|Any CPU
		{240E8F51-4810-4127-9ADF-8B9C83E4AC33}.Release|Any CPU.Build.0 = Release|Any CPU
		{3F563137-2831-478D-AF7C-9DD5958ADDF9}.Debug|Any CPU.ActiveCfg = Debug|Any CPU
		{3F563137-2831-478D-AF7C-9DD5958ADDF9}.Debug|Any CPU.Build.0 = Debug|Any CPU
		{3F563137-2831-478D-AF7C-9DD5958ADDF9}.Release|Any CPU.ActiveCfg = Release|Any CPU
		{3F563137-2831-478D-AF7C-9DD5958ADDF9}.Release|Any CPU.Build.0 = Release|Any CPU
		{ECF24734-CEA8-46EA-8227-3831F408D868}.Debug|Any CPU.ActiveCfg = Debug|Any CPU
		{ECF24734-CEA8-46EA-8227-3831F408D868}.Debug|Any CPU.Build.0 = Debug|Any CPU
		{ECF24734-CEA8-46EA-8227-3831F408D868}.Release|Any CPU.ActiveCfg = Release|Any CPU
		{ECF24734-CEA8-46EA-8227-3831F408D868}.Release|Any CPU.Build.0 = Release|Any CPU
		{42818C56-6B67-487B-946A-684475832D45}.Debug|Any CPU.ActiveCfg = Debug|Any CPU
		{42818C56-6B67-487B-946A-684475832D45}.Debug|Any CPU.Build.0 = Debug|Any CPU
		{42818C56-6B67-487B-946A-684475832D45}.Release|Any CPU.ActiveCfg = Release|Any CPU
		{42818C56-6B67-487B-946A-684475832D45}.Release|Any CPU.Build.0 = Release|Any CPU
		{49B8382A-4068-4B50-9BE0-7ABDE0C028A0}.Debug|Any CPU.ActiveCfg = Debug|Any CPU
		{49B8382A-4068-4B50-9BE0-7ABDE0C028A0}.Debug|Any CPU.Build.0 = Debug|Any CPU
		{49B8382A-4068-4B50-9BE0-7ABDE0C028A0}.Release|Any CPU.ActiveCfg = Release|Any CPU
		{49B8382A-4068-4B50-9BE0-7ABDE0C028A0}.Release|Any CPU.Build.0 = Release|Any CPU
		{879A60CD-82ED-482E-81DB-DFFB4496490C}.Debug|Any CPU.ActiveCfg = Debug|Any CPU
		{879A60CD-82ED-482E-81DB-DFFB4496490C}.Debug|Any CPU.Build.0 = Debug|Any CPU
		{879A60CD-82ED-482E-81DB-DFFB4496490C}.Release|Any CPU.ActiveCfg = Release|Any CPU
		{879A60CD-82ED-482E-81DB-DFFB4496490C}.Release|Any CPU.Build.0 = Release|Any CPU
		{68C82FBF-FEFB-4741-A434-0F6C9174E70B}.Debug|Any CPU.ActiveCfg = Debug|Any CPU
		{68C82FBF-FEFB-4741-A434-0F6C9174E70B}.Debug|Any CPU.Build.0 = Debug|Any CPU
		{68C82FBF-FEFB-4741-A434-0F6C9174E70B}.Release|Any CPU.ActiveCfg = Release|Any CPU
		{68C82FBF-FEFB-4741-A434-0F6C9174E70B}.Release|Any CPU.Build.0 = Release|Any CPU
		{C6F42CFB-2B99-4CC8-B412-161C259D6317}.Debug|Any CPU.ActiveCfg = Debug|Any CPU
		{C6F42CFB-2B99-4CC8-B412-161C259D6317}.Debug|Any CPU.Build.0 = Debug|Any CPU
		{C6F42CFB-2B99-4CC8-B412-161C259D6317}.Release|Any CPU.ActiveCfg = Release|Any CPU
		{C6F42CFB-2B99-4CC8-B412-161C259D6317}.Release|Any CPU.Build.0 = Release|Any CPU
		{D37C168C-DFE3-4A0A-9E17-D0F576534507}.Debug|Any CPU.ActiveCfg = Debug|Any CPU
		{D37C168C-DFE3-4A0A-9E17-D0F576534507}.Debug|Any CPU.Build.0 = Debug|Any CPU
		{D37C168C-DFE3-4A0A-9E17-D0F576534507}.Release|Any CPU.ActiveCfg = Release|Any CPU
		{D37C168C-DFE3-4A0A-9E17-D0F576534507}.Release|Any CPU.Build.0 = Release|Any CPU
		{EF2D0AF5-AC73-413B-9FC7-2E81E8A61F3C}.Debug|Any CPU.ActiveCfg = Debug|Any CPU
		{EF2D0AF5-AC73-413B-9FC7-2E81E8A61F3C}.Debug|Any CPU.Build.0 = Debug|Any CPU
		{EF2D0AF5-AC73-413B-9FC7-2E81E8A61F3C}.Release|Any CPU.ActiveCfg = Release|Any CPU
		{EF2D0AF5-AC73-413B-9FC7-2E81E8A61F3C}.Release|Any CPU.Build.0 = Release|Any CPU
	EndGlobalSection
	GlobalSection(SolutionProperties) = preSolution
		HideSolutionNode = FALSE
	EndGlobalSection
	GlobalSection(NestedProjects) = preSolution
		{B918A679-96DA-47D3-90F2-6A7B8D6D19B4} = {48F80D08-6C2F-49AB-9B64-E05C1926067F}
		{D1651C61-E246-4B36-A1F8-EDD84E3A6E29} = {48F80D08-6C2F-49AB-9B64-E05C1926067F}
		{205423E1-6C92-406F-ADEF-83075CD84125} = {B918A679-96DA-47D3-90F2-6A7B8D6D19B4}
		{879A0C30-8516-4C28-9441-427A31C6AD7A} = {B918A679-96DA-47D3-90F2-6A7B8D6D19B4}
		{AD210DE2-5C0C-4950-84CC-DDAE65CCF7B8} = {B918A679-96DA-47D3-90F2-6A7B8D6D19B4}
		{5753D5A9-A3F7-4102-B5D7-C4FD388A3AB9} = {D1651C61-E246-4B36-A1F8-EDD84E3A6E29}
		{44E646E7-7675-4856-8303-0DC9A91BF545} = {D1651C61-E246-4B36-A1F8-EDD84E3A6E29}
		{62156DD9-E35E-4B3C-A4F2-122ABAAE205F} = {3FF0C80D-ED87-4353-893E-A4CE834F6282}
		{E6EC55DB-A930-4DD2-BBF6-3B4E6E7C1CF4} = {3FF0C80D-ED87-4353-893E-A4CE834F6282}
		{240E8F51-4810-4127-9ADF-8B9C83E4AC33} = {62156DD9-E35E-4B3C-A4F2-122ABAAE205F}
		{3F563137-2831-478D-AF7C-9DD5958ADDF9} = {E6EC55DB-A930-4DD2-BBF6-3B4E6E7C1CF4}
		{ECF24734-CEA8-46EA-8227-3831F408D868} = {D1651C61-E246-4B36-A1F8-EDD84E3A6E29}
		{42818C56-6B67-487B-946A-684475832D45} = {D1651C61-E246-4B36-A1F8-EDD84E3A6E29}
		{49B8382A-4068-4B50-9BE0-7ABDE0C028A0} = {D1651C61-E246-4B36-A1F8-EDD84E3A6E29}
		{879A60CD-82ED-482E-81DB-DFFB4496490C} = {D1651C61-E246-4B36-A1F8-EDD84E3A6E29}
		{68C82FBF-FEFB-4741-A434-0F6C9174E70B} = {D1651C61-E246-4B36-A1F8-EDD84E3A6E29}
		{C6F42CFB-2B99-4CC8-B412-161C259D6317} = {D1651C61-E246-4B36-A1F8-EDD84E3A6E29}
		{D37C168C-DFE3-4A0A-9E17-D0F576534507} = {D1651C61-E246-4B36-A1F8-EDD84E3A6E29}
		{EF2D0AF5-AC73-413B-9FC7-2E81E8A61F3C} = {D1651C61-E246-4B36-A1F8-EDD84E3A6E29}
	EndGlobalSection
	GlobalSection(ExtensibilityGlobals) = postSolution
		SolutionGuid = {4283AB30-05A5-463A-A039-A4BCB069CAC0}
	EndGlobalSection
EndGlobal
